{
  "nodes": {
    "darwin": {
      "inputs": {
        "nixpkgs": [
          "nixpkgs"
        ]
      },
      "locked": {
        "lastModified": 1667294277,
        "narHash": "sha256-YhVGYUpPZNpJZ8z3Sq9aT6n1/B8vKtfRfwaCtbsosxk=",
        "owner": "lnl7",
        "repo": "nix-darwin",
        "rev": "b7177030643374e698c29e993c2808efa7b85aaf",
        "type": "github"
      },
      "original": {
        "owner": "lnl7",
        "repo": "nix-darwin",
        "type": "github"
      }
    },
    "emacs": {
      "inputs": {
        "emacs-src": "emacs-src",
        "emacs-vterm-src": "emacs-vterm-src",
        "nixpkgs": "nixpkgs"
      },
      "locked": {
        "lastModified": 1662774614,
        "narHash": "sha256-v40a5YCET23ONI8aqfG4EDJ2+dV6KNjP1Ax78v6cAqk=",
        "owner": "cmacrae",
        "repo": "emacs",
        "rev": "c69ff76cc95e2c504c6e3f99f3f5d1a67dc20479",
        "type": "github"
      },
      "original": {
        "owner": "cmacrae",
        "repo": "emacs",
        "type": "github"
      }
    },
    "emacs-overlay": {
      "inputs": {
        "flake-utils": "flake-utils",
        "nixpkgs": "nixpkgs_2"
      },
      "locked": {
        "lastModified": 1667390344,
        "narHash": "sha256-SUp0LemkQHZR7hVKNi2PAwsC9PwxIsW+SKGySdIBWdA=",
        "owner": "nix-community",
        "repo": "emacs-overlay",
        "rev": "f8e2ddd5bc27b1d5be1a63f27fdde58dc5a1297f",
        "type": "github"
      },
      "original": {
        "owner": "nix-community",
        "repo": "emacs-overlay",
        "type": "github"
      }
    },
    "emacs-src": {
      "flake": false,
      "locked": {
        "lastModified": 1662765149,
        "narHash": "sha256-bc1oX/s2EvrOKsZ3K9AIjPCLwtH3O4Nu6UZ6vihAEsM=",
        "owner": "emacs-mirror",
        "repo": "emacs",
        "rev": "e6dc0cf2d399c907f345e11eeaa4e5d08fc4d7b6",
        "type": "github"
      },
      "original": {
        "owner": "emacs-mirror",
        "repo": "emacs",
        "type": "github"
      }
    },
    "emacs-vterm-src": {
      "flake": false,
      "locked": {
        "lastModified": 1661934956,
        "narHash": "sha256-OGW7QkCF4Genr90nQl4v+pS6g2RhlTFN3NXYCGm62Yw=",
        "owner": "akermu",
        "repo": "emacs-libvterm",
        "rev": "d6fcd38b9544dd4d05dbe5db10e950043b68de9c",
        "type": "github"
      },
      "original": {
        "owner": "akermu",
        "repo": "emacs-libvterm",
        "type": "github"
      }
    },
    "flake-utils": {
      "locked": {
        "lastModified": 1667395993,
        "narHash": "sha256-nuEHfE/LcWyuSWnS8t12N1wc105Qtau+/OdUAjtQ0rA=",
        "owner": "numtide",
        "repo": "flake-utils",
        "rev": "5aed5285a952e0b949eb3ba02c12fa4fcfef535f",
        "type": "github"
      },
      "original": {
        "owner": "numtide",
        "repo": "flake-utils",
        "type": "github"
      }
    },
    "home": {
      "inputs": {
        "nixpkgs": [
          "nixpkgs"
        ]
      },
      "locked": {
        "lastModified": 1667299227,
        "narHash": "sha256-vAJPFSDYUq3DdCL8OzTg4xObRNW+yA1Pt+NzbhGu1f8=",
        "owner": "nix-community",
        "repo": "home-manager",
        "rev": "f0ecd4b1db5e15103e955b18cb94bea4296e5c45",
        "type": "github"
      },
      "original": {
        "owner": "nix-community",
        "ref": "release-22.05",
        "repo": "home-manager",
        "type": "github"
      }
    },
    "nixpkgs": {
      "locked": {
        "lastModified": 1662096612,
        "narHash": "sha256-R+Q8l5JuyJryRPdiIaYpO5O3A55rT+/pItBrKcy7LM4=",
        "owner": "nixos",
        "repo": "nixpkgs",
        "rev": "21de2b973f9fee595a7a1ac4693efff791245c34",
        "type": "github"
      },
      "original": {
        "owner": "nixos",
        "ref": "nixpkgs-unstable",
        "repo": "nixpkgs",
        "type": "github"
      }
    },
    "nixpkgs_2": {
      "locked": {
        "lastModified": 1667292599,
        "narHash": "sha256-7ISOUI1aj6UKMPIL+wwthENL22L3+A9V+jS8Is3QsRo=",
        "owner": "NixOS",
        "repo": "nixpkgs",
        "rev": "ef2f213d9659a274985778bff4ca322f3ef3ac68",
        "type": "github"
      },
      "original": {
        "id": "nixpkgs",
        "type": "indirect"
      }
    },
    "nixpkgs_3": {
      "locked": {
        "lastModified": 1667389534,
        "narHash": "sha256-qyfI/QzKZiYA8/uNSCGLT9/jeB7d8Yq86ynH2KO0cF8=",
        "owner": "nixos",
        "repo": "nixpkgs",
        "rev": "3390a2b135554ea7ff3b6f26c006c3729a41df3b",
        "type": "github"
      },
      "original": {
        "owner": "nixos",
        "ref": "release-22.05",
        "repo": "nixpkgs",
        "type": "github"
      }
    },
    "nixpkgs_4": {
      "locked": {
        "lastModified": 1659542688,
        "narHash": "sha256-7Ye59iW/DUWb8PzptEqdyYPlv6y+IhqKecaoZl3q68A=",
        "owner": "NixOS",
        "repo": "nixpkgs",
        "rev": "81094ccd6a0aa13ed176c815a60c4e25b49f072d",
        "type": "github"
      },
      "original": {
        "id": "nixpkgs",
        "type": "indirect"
      }
    },
    "nur": {
      "locked": {
        "lastModified": 1667398261,
        "narHash": "sha256-fnTaNwUVjco9a3nxgg47JRf3Zt21bk7n2YBa/M1w7gM=",
        "owner": "nix-community",
        "repo": "NUR",
        "rev": "b55b9f795d31a3e4f27bb944178f9e5fedbcb8f4",
        "type": "github"
      },
      "original": {
        "owner": "nix-community",
        "repo": "NUR",
        "type": "github"
      }
    },
    "private": {
      "inputs": {
        "nixpkgs": "nixpkgs_4"
      },
      "locked": {
        "lastModified": 1664542711,
        "narHash": "sha256-eebisvlBYrVDbg0O7QZgSO5U8IW30G95xLoOATlBCRA=",
        "ref": "main",
        "rev": "e795f2afa80ce3940f15bf198c1cfcc892c85a69",
        "revCount": 9,
        "type": "git",
        "url": "ssh://git@github.com/srstrong/nix-env-priv"
      },
      "original": {
        "ref": "main",
        "type": "git",
        "url": "ssh://git@github.com/srstrong/nix-env-priv"
      }
    },
    "root": {
      "inputs": {
        "darwin": "darwin",
        "emacs": "emacs",
        "emacs-overlay": "emacs-overlay",
        "home": "home",
        "nixpkgs": "nixpkgs_3",
        "nur": "nur",
        "private": "private"
      }
    }
  },
  "root": "root",
  "version": 7
}
