{
  "nodes": {
    "darwin": {
      "inputs": {
        "nixpkgs": [
          "nixpkgs"
        ]
      },
      "locked": {
        "lastModified": 1741112248,
        "narHash": "sha256-Y340xoE1Vgo0eCDJi4srVjuwlr50vYSoyJrZeXHw3n0=",
        "owner": "lnl7",
        "repo": "nix-darwin",
        "rev": "991bb2f6d46fc2ff7990913c173afdb0318314cb",
        "type": "github"
      },
      "original": {
        "owner": "lnl7",
        "ref": "master",
        "repo": "nix-darwin",
        "type": "github"
      }
    },
    "emacs": {
      "inputs": {
        "emacs-src": "emacs-src",
        "emacs-vterm-src": "emacs-vterm-src",
        "nixpkgs": [
          "nixpkgs"
        ]
      },
      "locked": {
        "lastModified": 1685494553,
        "narHash": "sha256-7kB1at//UUKIaedu8bbtfZS+F9LzgHVv9aXPppcBBGw=",
        "owner": "cmacrae",
        "repo": "emacs",
        "rev": "1c48a5984bab69a79cc6ebe20e28ee32138fc683",
        "type": "github"
      },
      "original": {
        "owner": "cmacrae",
        "repo": "emacs",
        "type": "github"
      }
    },
    "emacs-overlay": {
      "inputs": {
        "nixpkgs": [
          "nixpkgs"
        ],
        "nixpkgs-stable": "nixpkgs-stable"
      },
      "locked": {
        "lastModified": 1741109012,
        "narHash": "sha256-th96gqh+H7HoIgSLn3PpazxFTO8WjuN8IqdYtFrwzDw=",
        "owner": "nix-community",
        "repo": "emacs-overlay",
        "rev": "40466220218949e1f8b36d6ba44e27644dd6bc14",
        "type": "github"
      },
      "original": {
        "owner": "nix-community",
        "repo": "emacs-overlay",
        "type": "github"
      }
    },
    "emacs-src": {
      "flake": false,
      "locked": {
        "lastModified": 1685464105,
        "narHash": "sha256-Y0uuemxviXxi4WQEn2fb3derGaDLJxDH10qGXkpmKDQ=",
        "owner": "emacs-mirror",
        "repo": "emacs",
        "rev": "ecc1d990d9e9d006838ca514213ea5e46a459363",
        "type": "github"
      },
      "original": {
        "owner": "emacs-mirror",
        "repo": "emacs",
        "type": "github"
      }
    },
    "emacs-vterm-src": {
      "flake": false,
      "locked": {
        "lastModified": 1681705456,
        "narHash": "sha256-1+AbPtyl1dS73WTMrIUduyWeM4cOiD3CI7d0Ic3jpVw=",
        "owner": "akermu",
        "repo": "emacs-libvterm",
        "rev": "94e2b0b2b4a750e7907dacd5b4c0584900846dd1",
        "type": "github"
      },
      "original": {
        "owner": "akermu",
        "repo": "emacs-libvterm",
        "type": "github"
      }
    },
    "home-manager": {
      "inputs": {
        "nixpkgs": [
          "nixpkgs"
        ]
      },
      "locked": {
        "lastModified": 1741122884,
        "narHash": "sha256-OEsBtKs09fMyo4nlv/oRp3cXHnvTDq1HDhS0KbDC8N4=",
        "owner": "nix-community",
        "repo": "home-manager",
        "rev": "3f08cd8ef77dcd7586075a460a61c8432baf25a9",
        "type": "github"
      },
      "original": {
        "owner": "nix-community",
        "repo": "home-manager",
        "type": "github"
      }
    },
    "nixpkgs": {
      "locked": {
        "lastModified": 1741037377,
        "narHash": "sha256-SvtvVKHaUX4Owb+PasySwZsoc5VUeTf1px34BByiOxw=",
        "owner": "nixos",
        "repo": "nixpkgs",
        "rev": "02032da4af073d0f6110540c8677f16d4be0117f",
        "type": "github"
      },
      "original": {
        "owner": "nixos",
        "ref": "nixpkgs-unstable",
        "repo": "nixpkgs",
        "type": "github"
      }
    },
    "nixpkgs-stable": {
      "locked": {
        "lastModified": 1740932899,
        "narHash": "sha256-F0qDu2egq18M3edJwEOAE+D+VQ+yESK6YWPRQBfOqq8=",
        "owner": "NixOS",
        "repo": "nixpkgs",
        "rev": "1546c45c538633ae40b93e2d14e0bb6fd8f13347",
        "type": "github"
      },
      "original": {
        "owner": "NixOS",
        "ref": "nixos-24.11",
        "repo": "nixpkgs",
        "type": "github"
      }
    },
    "private": {
      "inputs": {
        "nixpkgs": [
          "nixpkgs"
        ]
      },
      "locked": {
        "lastModified": 1669673997,
        "narHash": "sha256-g2YQVS+DBTITzBxYCJ88LaSUAbiOIY0igm6Uvmcxi1M=",
        "ref": "main",
        "rev": "6788e683a0affde2369f4081f9de7a24d494fb33",
        "revCount": 11,
        "type": "git",
        "url": "ssh://git@github.com/srstrong/nix-env-priv"
      },
      "original": {
        "ref": "main",
        "type": "git",
        "url": "ssh://git@github.com/srstrong/nix-env-priv"
      }
    },
    "root": {
      "inputs": {
        "darwin": "darwin",
        "emacs": "emacs",
        "emacs-overlay": "emacs-overlay",
        "home-manager": "home-manager",
        "nixpkgs": "nixpkgs",
        "private": "private"
      }
    }
  },
  "root": "root",
  "version": 7
}
