{
  "nodes": {
    "darwin": {
      "inputs": {
        "nixpkgs": [
          "nixpkgs"
        ]
      },
      "locked": {
        "lastModified": 1665392861,
        "narHash": "sha256-bCd8fYJMAb0LzabsiXl4nxECDoz483bJOCa2hjox7N0=",
        "owner": "lnl7",
        "repo": "nix-darwin",
        "rev": "ef56fd8979b5f4e800c4716f62076e00600b1172",
        "type": "github"
      },
      "original": {
        "owner": "lnl7",
        "repo": "nix-darwin",
        "type": "github"
      }
    },
    "emacs": {
      "inputs": {
        "emacs-src": "emacs-src",
        "emacs-vterm-src": "emacs-vterm-src",
        "nixpkgs": "nixpkgs"
      },
      "locked": {
        "lastModified": 1662774614,
        "narHash": "sha256-v40a5YCET23ONI8aqfG4EDJ2+dV6KNjP1Ax78v6cAqk=",
        "owner": "cmacrae",
        "repo": "emacs",
        "rev": "c69ff76cc95e2c504c6e3f99f3f5d1a67dc20479",
        "type": "github"
      },
      "original": {
        "owner": "cmacrae",
        "repo": "emacs",
        "type": "github"
      }
    },
    "emacs-overlay": {
      "inputs": {
        "flake-utils": "flake-utils",
        "nixpkgs": "nixpkgs_2"
      },
      "locked": {
        "lastModified": 1665746879,
        "narHash": "sha256-fwYXzvO2x3nttwl+LCqIq4Hw6zeNyw8dtjOp6ze1UJo=",
        "owner": "nix-community",
        "repo": "emacs-overlay",
        "rev": "c2b0e0cfa4c9cdb7ed96e3fb984f5ce92eb9e4e7",
        "type": "github"
      },
      "original": {
        "owner": "nix-community",
        "repo": "emacs-overlay",
        "type": "github"
      }
    },
    "emacs-src": {
      "flake": false,
      "locked": {
        "lastModified": 1662765149,
        "narHash": "sha256-bc1oX/s2EvrOKsZ3K9AIjPCLwtH3O4Nu6UZ6vihAEsM=",
        "owner": "emacs-mirror",
        "repo": "emacs",
        "rev": "e6dc0cf2d399c907f345e11eeaa4e5d08fc4d7b6",
        "type": "github"
      },
      "original": {
        "owner": "emacs-mirror",
        "repo": "emacs",
        "type": "github"
      }
    },
    "emacs-vterm-src": {
      "flake": false,
      "locked": {
        "lastModified": 1661934956,
        "narHash": "sha256-OGW7QkCF4Genr90nQl4v+pS6g2RhlTFN3NXYCGm62Yw=",
        "owner": "akermu",
        "repo": "emacs-libvterm",
        "rev": "d6fcd38b9544dd4d05dbe5db10e950043b68de9c",
        "type": "github"
      },
      "original": {
        "owner": "akermu",
        "repo": "emacs-libvterm",
        "type": "github"
      }
    },
    "flake-utils": {
      "locked": {
        "lastModified": 1659877975,
        "narHash": "sha256-zllb8aq3YO3h8B/U0/J1WBgAL8EX5yWf5pMj3G0NAmc=",
        "owner": "numtide",
        "repo": "flake-utils",
        "rev": "c0e246b9b83f637f4681389ecabcb2681b4f3af0",
        "type": "github"
      },
      "original": {
        "owner": "numtide",
        "repo": "flake-utils",
        "type": "github"
      }
    },
    "home": {
      "inputs": {
        "nixpkgs": [
          "nixpkgs"
        ]
      },
      "locked": {
        "lastModified": 1665475263,
        "narHash": "sha256-T4at7d+KsQNWh5rfjvOtQCaIMWjSDlSgQZKvxb+LcEY=",
        "owner": "nix-community",
        "repo": "home-manager",
        "rev": "17208be516fc36e2ab0ceb064d931e90eb88b2a3",
        "type": "github"
      },
      "original": {
        "owner": "nix-community",
        "ref": "release-22.05",
        "repo": "home-manager",
        "type": "github"
      }
    },
    "nixpkgs": {
      "locked": {
        "lastModified": 1662096612,
        "narHash": "sha256-R+Q8l5JuyJryRPdiIaYpO5O3A55rT+/pItBrKcy7LM4=",
        "owner": "nixos",
        "repo": "nixpkgs",
        "rev": "21de2b973f9fee595a7a1ac4693efff791245c34",
        "type": "github"
      },
      "original": {
        "owner": "nixos",
        "ref": "nixpkgs-unstable",
        "repo": "nixpkgs",
        "type": "github"
      }
    },
    "nixpkgs_2": {
      "locked": {
        "lastModified": 1665723124,
        "narHash": "sha256-J1JY2cN0L+CNDSrGkNdbiTl2EFV8hpqqsDJFICsYSBw=",
        "owner": "NixOS",
        "repo": "nixpkgs",
        "rev": "31d567846255e122846548255101980162bbf641",
        "type": "github"
      },
      "original": {
        "id": "nixpkgs",
        "type": "indirect"
      }
    },
    "nixpkgs_3": {
      "locked": {
        "lastModified": 1665763903,
        "narHash": "sha256-znGWY4x688cZ3Ii01qLnhl+mSKpQ9iCufGxfdV6oBOc=",
        "owner": "nixos",
        "repo": "nixpkgs",
        "rev": "78a37aa630faa41944060a966607d4f1128ea94b",
        "type": "github"
      },
      "original": {
        "owner": "nixos",
        "ref": "release-22.05",
        "repo": "nixpkgs",
        "type": "github"
      }
    },
    "nixpkgs_4": {
      "locked": {
        "lastModified": 1659542688,
        "narHash": "sha256-7Ye59iW/DUWb8PzptEqdyYPlv6y+IhqKecaoZl3q68A=",
        "owner": "NixOS",
        "repo": "nixpkgs",
        "rev": "81094ccd6a0aa13ed176c815a60c4e25b49f072d",
        "type": "github"
      },
      "original": {
        "id": "nixpkgs",
        "type": "indirect"
      }
    },
    "nur": {
      "locked": {
        "lastModified": 1665772052,
        "narHash": "sha256-wTPmOp/zEIpcDe8OjSkP4o99IeUH3ZbcBbW9H4KsJ1Q=",
        "owner": "nix-community",
        "repo": "NUR",
        "rev": "a7dfe44e7472e0d61d869f5fb82076f4408813e4",
        "type": "github"
      },
      "original": {
        "owner": "nix-community",
        "repo": "NUR",
        "type": "github"
      }
    },
    "private": {
      "inputs": {
        "nixpkgs": "nixpkgs_4"
      },
      "locked": {
        "lastModified": 1664542711,
        "narHash": "sha256-eebisvlBYrVDbg0O7QZgSO5U8IW30G95xLoOATlBCRA=",
        "ref": "main",
        "rev": "e795f2afa80ce3940f15bf198c1cfcc892c85a69",
        "revCount": 9,
        "type": "git",
        "url": "ssh://git@github.com/srstrong/nix-env-priv"
      },
      "original": {
        "ref": "main",
        "type": "git",
        "url": "ssh://git@github.com/srstrong/nix-env-priv"
      }
    },
    "root": {
      "inputs": {
        "darwin": "darwin",
        "emacs": "emacs",
        "emacs-overlay": "emacs-overlay",
        "home": "home",
        "nixpkgs": "nixpkgs_3",
        "nur": "nur",
        "private": "private"
      }
    }
  },
  "root": "root",
  "version": 7
}
