{
  "nodes": {
    "darwin": {
      "inputs": {
        "nixpkgs": [
          "nixpkgs"
        ]
      },
      "locked": {
        "lastModified": 1667294277,
        "narHash": "sha256-YhVGYUpPZNpJZ8z3Sq9aT6n1/B8vKtfRfwaCtbsosxk=",
        "owner": "lnl7",
        "repo": "nix-darwin",
        "rev": "b7177030643374e698c29e993c2808efa7b85aaf",
        "type": "github"
      },
      "original": {
        "owner": "lnl7",
        "repo": "nix-darwin",
        "type": "github"
      }
    },
    "emacs": {
      "inputs": {
        "emacs-src": "emacs-src",
        "emacs-vterm-src": "emacs-vterm-src",
        "nixpkgs": [
          "nixpkgs"
        ]
      },
      "locked": {
        "lastModified": 1669598114,
        "narHash": "sha256-3za93accUH34dP/qrqz9LHJAJHD4eUETBseZL67KkNA=",
        "owner": "cmacrae",
        "repo": "emacs",
        "rev": "b26305d3ffc189e95a392571f014f4c462991987",
        "type": "github"
      },
      "original": {
        "owner": "cmacrae",
        "repo": "emacs",
        "type": "github"
      }
    },
    "emacs-overlay": {
      "inputs": {
        "flake-utils": "flake-utils",
        "nixpkgs": [
          "nixpkgs"
        ]
      },
      "locked": {
        "lastModified": 1667390344,
        "narHash": "sha256-SUp0LemkQHZR7hVKNi2PAwsC9PwxIsW+SKGySdIBWdA=",
        "owner": "nix-community",
        "repo": "emacs-overlay",
        "rev": "f8e2ddd5bc27b1d5be1a63f27fdde58dc5a1297f",
        "type": "github"
      },
      "original": {
        "owner": "nix-community",
        "repo": "emacs-overlay",
        "type": "github"
      }
    },
    "emacs-src": {
      "flake": false,
      "locked": {
        "lastModified": 1669590960,
        "narHash": "sha256-7I3ebd0xBP0fYCP2A+IqVdbUsj1+PbEinU4Er/hE6wA=",
        "owner": "emacs-mirror",
        "repo": "emacs",
        "rev": "5f97a085bee2d759a59898fd67ef5990b3ab54fa",
        "type": "github"
      },
      "original": {
        "owner": "emacs-mirror",
        "repo": "emacs",
        "type": "github"
      }
    },
    "emacs-vterm-src": {
      "flake": false,
      "locked": {
        "lastModified": 1668779692,
        "narHash": "sha256-dNW3eXgFgah7eIug+MqXTl59HfSbM5HLKwHdp1CAmyo=",
        "owner": "akermu",
        "repo": "emacs-libvterm",
        "rev": "f14d113ee4618f052879509ec378feb9766b871b",
        "type": "github"
      },
      "original": {
        "owner": "akermu",
        "repo": "emacs-libvterm",
        "type": "github"
      }
    },
    "flake-utils": {
      "locked": {
        "lastModified": 1667395993,
        "narHash": "sha256-nuEHfE/LcWyuSWnS8t12N1wc105Qtau+/OdUAjtQ0rA=",
        "owner": "numtide",
        "repo": "flake-utils",
        "rev": "5aed5285a952e0b949eb3ba02c12fa4fcfef535f",
        "type": "github"
      },
      "original": {
        "owner": "numtide",
        "repo": "flake-utils",
        "type": "github"
      }
    },
    "home": {
      "inputs": {
        "nixpkgs": [
          "nixpkgs"
        ],
        "utils": "utils"
      },
      "locked": {
        "lastModified": 1669573161,
        "narHash": "sha256-UAOXq+LIX+goAAY2MiC0+zCxdNPaO7NAPTvCQExpIBs=",
        "owner": "nix-community",
        "repo": "home-manager",
        "rev": "50c9bccb6abc52811a59db620606e016fcde32bd",
        "type": "github"
      },
      "original": {
        "owner": "nix-community",
        "repo": "home-manager",
        "type": "github"
      }
    },
    "nixpkgs": {
      "locked": {
        "lastModified": 1669542132,
        "narHash": "sha256-DRlg++NJAwPh8io3ExBJdNW7Djs3plVI5jgYQ+iXAZQ=",
        "owner": "nixos",
        "repo": "nixpkgs",
        "rev": "a115bb9bd56831941be3776c8a94005867f316a7",
        "type": "github"
      },
      "original": {
        "owner": "nixos",
        "ref": "nixos-unstable",
        "repo": "nixpkgs",
        "type": "github"
      }
    },
    "nur": {
      "locked": {
        "lastModified": 1667398261,
        "narHash": "sha256-fnTaNwUVjco9a3nxgg47JRf3Zt21bk7n2YBa/M1w7gM=",
        "owner": "nix-community",
        "repo": "NUR",
        "rev": "b55b9f795d31a3e4f27bb944178f9e5fedbcb8f4",
        "type": "github"
      },
      "original": {
        "owner": "nix-community",
        "repo": "NUR",
        "type": "github"
      }
    },
    "private": {
      "inputs": {
        "nixpkgs": [
          "nixpkgs"
        ]
      },
      "locked": {
        "lastModified": 1664542711,
        "narHash": "sha256-eebisvlBYrVDbg0O7QZgSO5U8IW30G95xLoOATlBCRA=",
        "ref": "main",
        "rev": "e795f2afa80ce3940f15bf198c1cfcc892c85a69",
        "revCount": 9,
        "type": "git",
        "url": "ssh://git@github.com/srstrong/nix-env-priv"
      },
      "original": {
        "ref": "main",
        "type": "git",
        "url": "ssh://git@github.com/srstrong/nix-env-priv"
      }
    },
    "root": {
      "inputs": {
        "darwin": "darwin",
        "emacs": "emacs",
        "emacs-overlay": "emacs-overlay",
        "home": "home",
        "nixpkgs": "nixpkgs",
        "nur": "nur",
        "private": "private"
      }
    },
    "utils": {
      "locked": {
        "lastModified": 1667395993,
        "narHash": "sha256-nuEHfE/LcWyuSWnS8t12N1wc105Qtau+/OdUAjtQ0rA=",
        "owner": "numtide",
        "repo": "flake-utils",
        "rev": "5aed5285a952e0b949eb3ba02c12fa4fcfef535f",
        "type": "github"
      },
      "original": {
        "owner": "numtide",
        "repo": "flake-utils",
        "type": "github"
      }
    }
  },
  "root": "root",
  "version": 7
}
